
Microsoft Visual Studio Solution File, Format Version 12.00
# Visual Studio 15
VisualStudioVersion = 15.0.27703.2047
MinimumVisualStudioVersion = 10.0.40219.1
Project("{F184B08F-C81C-45F6-A57F-5ABD9991F28F}") = "Graded Program 3", "Graded Program 3\Graded Program 3.vbproj", "{C59F020A-C357-4D91-A3E4-815B4943FAC1}"
EndProject
Global
	GlobalSection(SolutionConfigurationPlatforms) = preSolution
		Debug|Any CPU = Debug|Any CPU
		Release|Any CPU = Release|Any CPU
	EndGlobalSection
	GlobalSection(ProjectConfigurationPlatforms) = postSolution
		{C59F020A-C357-4D91-A3E4-815B4943FAC1}.Debug|Any CPU.ActiveCfg = Debug|Any CPU
		{C59F020A-C357-4D91-A3E4-815B4943FAC1}.Debug|Any CPU.Build.0 = Debug|Any CPU
		{C59F020A-C357-4D91-A3E4-815B4943FAC1}.Release|Any CPU.ActiveCfg = Release|Any CPU
		{C59F020A-C357-4D91-A3E4-815B4943FAC1}.Release|Any CPU.Build.0 = Release|Any CPU
	EndGlobalSection
	GlobalSection(SolutionProperties) = preSolution
		HideSolutionNode = FALSE
	EndGlobalSection
	GlobalSection(ExtensibilityGlobals) = postSolution
		SolutionGuid = {C8FCB327-2382-411C-B469-63C525CE12A1}
	EndGlobalSection
EndGlobal
