
Microsoft Visual Studio Solution File, Format Version 12.00
# Visual Studio 15
VisualStudioVersion = 15.0.27703.2047
MinimumVisualStudioVersion = 10.0.40219.1
Project("{F184B08F-C81C-45F6-A57F-5ABD9991F28F}") = "Birthday Project", "Birthday Project\Birthday Project.vbproj", "{DCCEAB5D-8090-47FE-98ED-3D03A179479A}"
EndProject
Global
	GlobalSection(SolutionConfigurationPlatforms) = preSolution
		Debug|Any CPU = Debug|Any CPU
		Release|Any CPU = Release|Any CPU
	EndGlobalSection
	GlobalSection(ProjectConfigurationPlatforms) = postSolution
		{DCCEAB5D-8090-47FE-98ED-3D03A179479A}.Debug|Any CPU.ActiveCfg = Debug|Any CPU
		{DCCEAB5D-8090-47FE-98ED-3D03A179479A}.Debug|Any CPU.Build.0 = Debug|Any CPU
		{DCCEAB5D-8090-47FE-98ED-3D03A179479A}.Release|Any CPU.ActiveCfg = Release|Any CPU
		{DCCEAB5D-8090-47FE-98ED-3D03A179479A}.Release|Any CPU.Build.0 = Release|Any CPU
	EndGlobalSection
	GlobalSection(SolutionProperties) = preSolution
		HideSolutionNode = FALSE
	EndGlobalSection
	GlobalSection(ExtensibilityGlobals) = postSolution
		SolutionGuid = {5EB5FD8C-EB4B-4726-92FC-019ACF3189BF}
	EndGlobalSection
EndGlobal
