
Microsoft Visual Studio Solution File, Format Version 12.00
# Visual Studio 15
VisualStudioVersion = 15.0.27703.2047
MinimumVisualStudioVersion = 10.0.40219.1
Project("{F184B08F-C81C-45F6-A57F-5ABD9991F28F}") = "SmingRacer", "SmingRacer\SmingRacer.vbproj", "{A44B6CAF-20CA-4F77-9EDA-06FBDD34F498}"
EndProject
Global
	GlobalSection(SolutionConfigurationPlatforms) = preSolution
		Debug|Any CPU = Debug|Any CPU
		Release|Any CPU = Release|Any CPU
	EndGlobalSection
	GlobalSection(ProjectConfigurationPlatforms) = postSolution
		{A44B6CAF-20CA-4F77-9EDA-06FBDD34F498}.Debug|Any CPU.ActiveCfg = Debug|Any CPU
		{A44B6CAF-20CA-4F77-9EDA-06FBDD34F498}.Debug|Any CPU.Build.0 = Debug|Any CPU
		{A44B6CAF-20CA-4F77-9EDA-06FBDD34F498}.Release|Any CPU.ActiveCfg = Release|Any CPU
		{A44B6CAF-20CA-4F77-9EDA-06FBDD34F498}.Release|Any CPU.Build.0 = Release|Any CPU
	EndGlobalSection
	GlobalSection(SolutionProperties) = preSolution
		HideSolutionNode = FALSE
	EndGlobalSection
	GlobalSection(ExtensibilityGlobals) = postSolution
		SolutionGuid = {E5BCE8B8-E2CB-4F38-B58F-9D5D7FA39BC1}
	EndGlobalSection
EndGlobal
