
Microsoft Visual Studio Solution File, Format Version 12.00
# Visual Studio 15
VisualStudioVersion = 15.0.27703.2047
MinimumVisualStudioVersion = 10.0.40219.1
Project("{F184B08F-C81C-45F6-A57F-5ABD9991F28F}") = "Check Boxes", "Check Boxes\Check Boxes.vbproj", "{32F91C06-D34E-492B-A114-70BAFEEEF987}"
EndProject
Global
	GlobalSection(SolutionConfigurationPlatforms) = preSolution
		Debug|Any CPU = Debug|Any CPU
		Release|Any CPU = Release|Any CPU
	EndGlobalSection
	GlobalSection(ProjectConfigurationPlatforms) = postSolution
		{32F91C06-D34E-492B-A114-70BAFEEEF987}.Debug|Any CPU.ActiveCfg = Debug|Any CPU
		{32F91C06-D34E-492B-A114-70BAFEEEF987}.Debug|Any CPU.Build.0 = Debug|Any CPU
		{32F91C06-D34E-492B-A114-70BAFEEEF987}.Release|Any CPU.ActiveCfg = Release|Any CPU
		{32F91C06-D34E-492B-A114-70BAFEEEF987}.Release|Any CPU.Build.0 = Release|Any CPU
	EndGlobalSection
	GlobalSection(SolutionProperties) = preSolution
		HideSolutionNode = FALSE
	EndGlobalSection
	GlobalSection(ExtensibilityGlobals) = postSolution
		SolutionGuid = {8A23401A-EDAE-4A5A-B27D-007553A12D8A}
	EndGlobalSection
EndGlobal
